
Microsoft Visual Studio Solution File, Format Version 12.00
# Visual Studio 15
VisualStudioVersion = 15.0.27428.2005
MinimumVisualStudioVersion = 10.0.40219.1
Project("{FAE04EC0-301F-11D3-BF4B-00C04F79EFBC}") = "CityInfo.API", "CityInfo.API\CityInfo.API.csproj", "{A9957D8E-DAA3-4F9E-BFCE-669C20729F53}"
EndProject
Global
	GlobalSection(SolutionConfigurationPlatforms) = preSolution
		Debug|Any CPU = Debug|Any CPU
		Release|Any CPU = Release|Any CPU
	EndGlobalSection
	GlobalSection(ProjectConfigurationPlatforms) = postSolution
		{A9957D8E-DAA3-4F9E-BFCE-669C20729F53}.Debug|Any CPU.ActiveCfg = Debug|Any CPU
		{A9957D8E-DAA3-4F9E-BFCE-669C20729F53}.Debug|Any CPU.Build.0 = Debug|Any CPU
		{A9957D8E-DAA3-4F9E-BFCE-669C20729F53}.Release|Any CPU.ActiveCfg = Release|Any CPU
		{A9957D8E-DAA3-4F9E-BFCE-669C20729F53}.Release|Any CPU.Build.0 = Release|Any CPU
	EndGlobalSection
	GlobalSection(SolutionProperties) = preSolution
		HideSolutionNode = FALSE
	EndGlobalSection
	GlobalSection(ExtensibilityGlobals) = postSolution
		SolutionGuid = {22AEEECE-5FDE-45FC-A118-F92A5C33DBE8}
	EndGlobalSection
EndGlobal
